// !$*UTF8*$!
{
	archiveVersion = 1;
	classes = {
	};
	objectVersion = 56;
	objects = {

/* Begin PBXBuildFile section */
		384499822BFF430900561C4D /* AppDelegate.swift in Sources */ = {isa = PBXBuildFile; fileRef = 384499812BFF430900561C4D /* AppDelegate.swift */; };
		384499842BFF430900561C4D /* SceneDelegate.swift in Sources */ = {isa = PBXBuildFile; fileRef = 384499832BFF430900561C4D /* SceneDelegate.swift */; };
		384499862BFF430900561C4D /* ViewController.swift in Sources */ = {isa = PBXBuildFile; fileRef = 384499852BFF430900561C4D /* ViewController.swift */; };
		384499892BFF430900561C4D /* Base in Resources */ = {isa = PBXBuildFile; fileRef = 384499882BFF430900561C4D /* Base */; };
		3844998B2BFF430B00561C4D /* Assets.xcassets in Resources */ = {isa = PBXBuildFile; fileRef = 3844998A2BFF430B00561C4D /* Assets.xcassets */; };
		3844998E2BFF430B00561C4D /* Base in Resources */ = {isa = PBXBuildFile; fileRef = 3844998D2BFF430B00561C4D /* Base */; };
		384499992BFF430B00561C4D /* NotesTests.swift in Sources */ = {isa = PBXBuildFile; fileRef = 384499982BFF430B00561C4D /* NotesTests.swift */; };
		384499A32BFF430B00561C4D /* NotesUITests.swift in Sources */ = {isa = PBXBuildFile; fileRef = 384499A22BFF430B00561C4D /* NotesUITests.swift */; };
		384499A52BFF430B00561C4D /* NotesUITestsLaunchTests.swift in Sources */ = {isa = PBXBuildFile; fileRef = 384499A42BFF430B00561C4D /* NotesUITestsLaunchTests.swift */; };
		385B5C7A2BFF67E5002D9685 /* NoteViewController.swift in Sources */ = {isa = PBXBuildFile; fileRef = 385B5C792BFF67E5002D9685 /* NoteViewController.swift */; };
		385B5C7C2BFF67F3002D9685 /* EntryViewController.swift in Sources */ = {isa = PBXBuildFile; fileRef = 385B5C7B2BFF67F3002D9685 /* EntryViewController.swift */; };
/* End PBXBuildFile section */

/* Begin PBXContainerItemProxy section */
		384499952BFF430B00561C4D /* PBXContainerItemProxy */ = {
			isa = PBXContainerItemProxy;
			containerPortal = 384499762BFF430900561C4D /* Project object */;
			proxyType = 1;
			remoteGlobalIDString = 3844997D2BFF430900561C4D;
			remoteInfo = Notes;
		};
		3844999F2BFF430B00561C4D /* PBXContainerItemProxy */ = {
			isa = PBXContainerItemProxy;
			containerPortal = 384499762BFF430900561C4D /* Project object */;
			proxyType = 1;
			remoteGlobalIDString = 3844997D2BFF430900561C4D;
			remoteInfo = Notes;
		};
/* End PBXContainerItemProxy section */

/* Begin PBXFileReference section */
		3844997E2BFF430900561C4D /* Notes.app */ = {isa = PBXFileReference; explicitFileType = wrapper.application; includeInIndex = 0; path = Notes.app; sourceTree = BUILT_PRODUCTS_DIR; };
		384499812BFF430900561C4D /* AppDelegate.swift */ = {isa = PBXFileReference; lastKnownFileType = sourcecode.swift; path = AppDelegate.swift; sourceTree = "<group>"; };
		384499832BFF430900561C4D /* SceneDelegate.swift */ = {isa = PBXFileReference; lastKnownFileType = sourcecode.swift; path = SceneDelegate.swift; sourceTree = "<group>"; };
		384499852BFF430900561C4D /* ViewController.swift */ = {isa = PBXFileReference; lastKnownFileType = sourcecode.swift; path = ViewController.swift; sourceTree = "<group>"; };
		384499882BFF430900561C4D /* Base */ = {isa = PBXFileReference; lastKnownFileType = file.storyboard; name = Base; path = Base.lproj/Main.storyboard; sourceTree = "<group>"; };
		3844998A2BFF430B00561C4D /* Assets.xcassets */ = {isa = PBXFileReference; lastKnownFileType = folder.assetcatalog; path = Assets.xcassets; sourceTree = "<group>"; };
		3844998D2BFF430B00561C4D /* Base */ = {isa = PBXFileReference; lastKnownFileType = file.storyboard; name = Base; path = Base.lproj/LaunchScreen.storyboard; sourceTree = "<group>"; };
		3844998F2BFF430B00561C4D /* Info.plist */ = {isa = PBXFileReference; lastKnownFileType = text.plist.xml; path = Info.plist; sourceTree = "<group>"; };
		384499942BFF430B00561C4D /* NotesTests.xctest */ = {isa = PBXFileReference; explicitFileType = wrapper.cfbundle; includeInIndex = 0; path = NotesTests.xctest; sourceTree = BUILT_PRODUCTS_DIR; };
		384499982BFF430B00561C4D /* NotesTests.swift */ = {isa = PBXFileReference; lastKnownFileType = sourcecode.swift; path = NotesTests.swift; sourceTree = "<group>"; };
		3844999E2BFF430B00561C4D /* NotesUITests.xctest */ = {isa = PBXFileReference; explicitFileType = wrapper.cfbundle; includeInIndex = 0; path = NotesUITests.xctest; sourceTree = BUILT_PRODUCTS_DIR; };
		384499A22BFF430B00561C4D /* NotesUITests.swift */ = {isa = PBXFileReference; lastKnownFileType = sourcecode.swift; path = NotesUITests.swift; sourceTree = "<group>"; };
		384499A42BFF430B00561C4D /* NotesUITestsLaunchTests.swift */ = {isa = PBXFileReference; lastKnownFileType = sourcecode.swift; path = NotesUITestsLaunchTests.swift; sourceTree = "<group>"; };
		385B5C792BFF67E5002D9685 /* NoteViewController.swift */ = {isa = PBXFileReference; lastKnownFileType = sourcecode.swift; path = NoteViewController.swift; sourceTree = "<group>"; };
		385B5C7B2BFF67F3002D9685 /* EntryViewController.swift */ = {isa = PBXFileReference; lastKnownFileType = sourcecode.swift; path = EntryViewController.swift; sourceTree = "<group>"; };
/* End PBXFileReference section */

/* Begin PBXFrameworksBuildPhase section */
		3844997B2BFF430900561C4D /* Frameworks */ = {
			isa = PBXFrameworksBuildPhase;
			buildActionMask = 2147483647;
			files = (
			);
			runOnlyForDeploymentPostprocessing = 0;
		};
		384499912BFF430B00561C4D /* Frameworks */ = {
			isa = PBXFrameworksBuildPhase;
			buildActionMask = 2147483647;
			files = (
			);
			runOnlyForDeploymentPostprocessing = 0;
		};
		3844999B2BFF430B00561C4D /* Frameworks */ = {
			isa = PBXFrameworksBuildPhase;
			buildActionMask = 2147483647;
			files = (
			);
			runOnlyForDeploymentPostprocessing = 0;
		};
/* End PBXFrameworksBuildPhase section */

/* Begin PBXGroup section */
		384499752BFF430900561C4D = {
			isa = PBXGroup;
			children = (
				384499802BFF430900561C4D /* Notes */,
				384499972BFF430B00561C4D /* NotesTests */,
				384499A12BFF430B00561C4D /* NotesUITests */,
				3844997F2BFF430900561C4D /* Products */,
			);
			sourceTree = "<group>";
		};
		3844997F2BFF430900561C4D /* Products */ = {
			isa = PBXGroup;
			children = (
				3844997E2BFF430900561C4D /* Notes.app */,
				384499942BFF430B00561C4D /* NotesTests.xctest */,
				3844999E2BFF430B00561C4D /* NotesUITests.xctest */,
			);
			name = Products;
			sourceTree = "<group>";
		};
		384499802BFF430900561C4D /* Notes */ = {
			isa = PBXGroup;
			children = (
				384499812BFF430900561C4D /* AppDelegate.swift */,
				384499832BFF430900561C4D /* SceneDelegate.swift */,
				384499852BFF430900561C4D /* ViewController.swift */,
				384499872BFF430900561C4D /* Main.storyboard */,
				3844998A2BFF430B00561C4D /* Assets.xcassets */,
				3844998C2BFF430B00561C4D /* LaunchScreen.storyboard */,
				3844998F2BFF430B00561C4D /* Info.plist */,
				385B5C792BFF67E5002D9685 /* NoteViewController.swift */,
				385B5C7B2BFF67F3002D9685 /* EntryViewController.swift */,
			);
			path = Notes;
			sourceTree = "<group>";
		};
		384499972BFF430B00561C4D /* NotesTests */ = {
			isa = PBXGroup;
			children = (
				384499982BFF430B00561C4D /* NotesTests.swift */,
			);
			path = NotesTests;
			sourceTree = "<group>";
		};
		384499A12BFF430B00561C4D /* NotesUITests */ = {
			isa = PBXGroup;
			children = (
				384499A22BFF430B00561C4D /* NotesUITests.swift */,
				384499A42BFF430B00561C4D /* NotesUITestsLaunchTests.swift */,
			);
			path = NotesUITests;
			sourceTree = "<group>";
		};
/* End PBXGroup section */

/* Begin PBXNativeTarget section */
		3844997D2BFF430900561C4D /* Notes */ = {
			isa = PBXNativeTarget;
			buildConfigurationList = 384499A82BFF430B00561C4D /* Build configuration list for PBXNativeTarget "Notes" */;
			buildPhases = (
				3844997A2BFF430900561C4D /* Sources */,
				3844997B2BFF430900561C4D /* Frameworks */,
				3844997C2BFF430900561C4D /* Resources */,
			);
			buildRules = (
			);
			dependencies = (
			);
			name = Notes;
			productName = Notes;
			productReference = 3844997E2BFF430900561C4D /* Notes.app */;
			productType = "com.apple.product-type.application";
		};
		384499932BFF430B00561C4D /* NotesTests */ = {
			isa = PBXNativeTarget;
			buildConfigurationList = 384499AB2BFF430B00561C4D /* Build configuration list for PBXNativeTarget "NotesTests" */;
			buildPhases = (
				384499902BFF430B00561C4D /* Sources */,
				384499912BFF430B00561C4D /* Frameworks */,
				384499922BFF430B00561C4D /* Resources */,
			);
			buildRules = (
			);
			dependencies = (
				384499962BFF430B00561C4D /* PBXTargetDependency */,
			);
			name = NotesTests;
			productName = NotesTests;
			productReference = 384499942BFF430B00561C4D /* NotesTests.xctest */;
			productType = "com.apple.product-type.bundle.unit-test";
		};
		3844999D2BFF430B00561C4D /* NotesUITests */ = {
			isa = PBXNativeTarget;
			buildConfigurationList = 384499AE2BFF430B00561C4D /* Build configuration list for PBXNativeTarget "NotesUITests" */;
			buildPhases = (
				3844999A2BFF430B00561C4D /* Sources */,
				3844999B2BFF430B00561C4D /* Frameworks */,
				3844999C2BFF430B00561C4D /* Resources */,
			);
			buildRules = (
			);
			dependencies = (
				384499A02BFF430B00561C4D /* PBXTargetDependency */,
			);
			name = NotesUITests;
			productName = NotesUITests;
			productReference = 3844999E2BFF430B00561C4D /* NotesUITests.xctest */;
			productType = "com.apple.product-type.bundle.ui-testing";
		};
/* End PBXNativeTarget section */

/* Begin PBXProject section */
		384499762BFF430900561C4D /* Project object */ = {
			isa = PBXProject;
			attributes = {
				BuildIndependentTargetsInParallel = 1;
				LastSwiftUpdateCheck = 1530;
				LastUpgradeCheck = 1530;
				TargetAttributes = {
					3844997D2BFF430900561C4D = {
						CreatedOnToolsVersion = 15.3;
					};
					384499932BFF430B00561C4D = {
						CreatedOnToolsVersion = 15.3;
						TestTargetID = 3844997D2BFF430900561C4D;
					};
					3844999D2BFF430B00561C4D = {
						CreatedOnToolsVersion = 15.3;
						TestTargetID = 3844997D2BFF430900561C4D;
					};
				};
			};
			buildConfigurationList = 384499792BFF430900561C4D /* Build configuration list for PBXProject "Notes" */;
			compatibilityVersion = "Xcode 14.0";
			developmentRegion = en;
			hasScannedForEncodings = 0;
			knownRegions = (
				en,
				Base,
			);
			mainGroup = 384499752BFF430900561C4D;
			productRefGroup = 3844997F2BFF430900561C4D /* Products */;
			projectDirPath = "";
			projectRoot = "";
			targets = (
				3844997D2BFF430900561C4D /* Notes */,
				384499932BFF430B00561C4D /* NotesTests */,
				3844999D2BFF430B00561C4D /* NotesUITests */,
			);
		};
/* End PBXProject section */

/* Begin PBXResourcesBuildPhase section */
		3844997C2BFF430900561C4D /* Resources */ = {
			isa = PBXResourcesBuildPhase;
			buildActionMask = 2147483647;
			files = (
				3844998B2BFF430B00561C4D /* Assets.xcassets in Resources */,
				3844998E2BFF430B00561C4D /* Base in Resources */,
				384499892BFF430900561C4D /* Base in Resources */,
			);
			runOnlyForDeploymentPostprocessing = 0;
		};
		384499922BFF430B00561C4D /* Resources */ = {
			isa = PBXResourcesBuildPhase;
			buildActionMask = 2147483647;
			files = (
			);
			runOnlyForDeploymentPostprocessing = 0;
		};
		3844999C2BFF430B00561C4D /* Resources */ = {
			isa = PBXResourcesBuildPhase;
			buildActionMask = 2147483647;
			files = (
			);
			runOnlyForDeploymentPostprocessing = 0;
		};
/* End PBXResourcesBuildPhase section */

/* Begin PBXSourcesBuildPhase section */
		3844997A2BFF430900561C4D /* Sources */ = {
			isa = PBXSourcesBuildPhase;
			buildActionMask = 2147483647;
			files = (
				385B5C7A2BFF67E5002D9685 /* NoteViewController.swift in Sources */,
				385B5C7C2BFF67F3002D9685 /* EntryViewController.swift in Sources */,
				384499862BFF430900561C4D /* ViewController.swift in Sources */,
				384499822BFF430900561C4D /* AppDelegate.swift in Sources */,
				384499842BFF430900561C4D /* SceneDelegate.swift in Sources */,
			);
			runOnlyForDeploymentPostprocessing = 0;
		};
		384499902BFF430B00561C4D /* Sources */ = {
			isa = PBXSourcesBuildPhase;
			buildActionMask = 2147483647;
			files = (
				384499992BFF430B00561C4D /* NotesTests.swift in Sources */,
			);
			runOnlyForDeploymentPostprocessing = 0;
		};
		3844999A2BFF430B00561C4D /* Sources */ = {
			isa = PBXSourcesBuildPhase;
			buildActionMask = 2147483647;
			files = (
				384499A52BFF430B00561C4D /* NotesUITestsLaunchTests.swift in Sources */,
				384499A32BFF430B00561C4D /* NotesUITests.swift in Sources */,
			);
			runOnlyForDeploymentPostprocessing = 0;
		};
/* End PBXSourcesBuildPhase section */

/* Begin PBXTargetDependency section */
		384499962BFF430B00561C4D /* PBXTargetDependency */ = {
			isa = PBXTargetDependency;
			target = 3844997D2BFF430900561C4D /* Notes */;
			targetProxy = 384499952BFF430B00561C4D /* PBXContainerItemProxy */;
		};
		384499A02BFF430B00561C4D /* PBXTargetDependency */ = {
			isa = PBXTargetDependency;
			target = 3844997D2BFF430900561C4D /* Notes */;
			targetProxy = 3844999F2BFF430B00561C4D /* PBXContainerItemProxy */;
		};
/* End PBXTargetDependency section */

/* Begin PBXVariantGroup section */
		384499872BFF430900561C4D /* Main.storyboard */ = {
			isa = PBXVariantGroup;
			children = (
				384499882BFF430900561C4D /* Base */,
			);
			name = Main.storyboard;
			sourceTree = "<group>";
		};
		3844998C2BFF430B00561C4D /* LaunchScreen.storyboard */ = {
			isa = PBXVariantGroup;
			children = (
				3844998D2BFF430B00561C4D /* Base */,
			);
			name = LaunchScreen.storyboard;
			sourceTree = "<group>";
		};
/* End PBXVariantGroup section */

/* Begin XCBuildConfiguration section */
		384499A62BFF430B00561C4D /* Debug */ = {
			isa = XCBuildConfiguration;
			buildSettings = {
				ALWAYS_SEARCH_USER_PATHS = NO;
				ASSETCATALOG_COMPILER_GENERATE_SWIFT_ASSET_SYMBOL_EXTENSIONS = YES;
				CLANG_ANALYZER_NONNULL = YES;
				CLANG_ANALYZER_NUMBER_OBJECT_CONVERSION = YES_AGGRESSIVE;
				CLANG_CXX_LANGUAGE_STANDARD = "gnu++20";
				CLANG_ENABLE_MODULES = YES;
				CLANG_ENABLE_OBJC_ARC = YES;
				CLANG_ENABLE_OBJC_WEAK = YES;
				CLANG_WARN_BLOCK_CAPTURE_AUTORELEASING = YES;
				CLANG_WARN_BOOL_CONVERSION = YES;
				CLANG_WARN_COMMA = YES;
				CLANG_WARN_CONSTANT_CONVERSION = YES;
				CLANG_WARN_DEPRECATED_OBJC_IMPLEMENTATIONS = YES;
				CLANG_WARN_DIRECT_OBJC_ISA_USAGE = YES_ERROR;
				CLANG_WARN_DOCUMENTATION_COMMENTS = YES;
				CLANG_WARN_EMPTY_BODY = YES;
				CLANG_WARN_ENUM_CONVERSION = YES;
				CLANG_WARN_INFINITE_RECURSION = YES;
				CLANG_WARN_INT_CONVERSION = YES;
				CLANG_WARN_NON_LITERAL_NULL_CONVERSION = YES;
				CLANG_WARN_OBJC_IMPLICIT_RETAIN_SELF = YES;
				CLANG_WARN_OBJC_LITERAL_CONVERSION = YES;
				CLANG_WARN_OBJC_ROOT_CLASS = YES_ERROR;
				CLANG_WARN_QUOTED_INCLUDE_IN_FRAMEWORK_HEADER = YES;
				CLANG_WARN_RANGE_LOOP_ANALYSIS = YES;
				CLANG_WARN_STRICT_PROTOTYPES = YES;
				CLANG_WARN_SUSPICIOUS_MOVE = YES;
				CLANG_WARN_UNGUARDED_AVAILABILITY = YES_AGGRESSIVE;
				CLANG_WARN_UNREACHABLE_CODE = YES;
				CLANG_WARN__DUPLICATE_METHOD_MATCH = YES;
				COPY_PHASE_STRIP = NO;
				DEBUG_INFORMATION_FORMAT = dwarf;
				ENABLE_STRICT_OBJC_MSGSEND = YES;
				ENABLE_TESTABILITY = YES;
				ENABLE_USER_SCRIPT_SANDBOXING = YES;
				GCC_C_LANGUAGE_STANDARD = gnu17;
				GCC_DYNAMIC_NO_PIC = NO;
				GCC_NO_COMMON_BLOCKS = YES;
				GCC_OPTIMIZATION_LEVEL = 0;
				GCC_PREPROCESSOR_DEFINITIONS = (
					"DEBUG=1",
					"$(inherited)",
				);
				GCC_WARN_64_TO_32_BIT_CONVERSION = YES;
				GCC_WARN_ABOUT_RETURN_TYPE = YES_ERROR;
				GCC_WARN_UNDECLARED_SELECTOR = YES;
				GCC_WARN_UNINITIALIZED_AUTOS = YES_AGGRESSIVE;
				GCC_WARN_UNUSED_FUNCTION = YES;
				GCC_WARN_UNUSED_VARIABLE = YES;
				IPHONEOS_DEPLOYMENT_TARGET = 17.4;
				LOCALIZATION_PREFERS_STRING_CATALOGS = YES;
				MTL_ENABLE_DEBUG_INFO = INCLUDE_SOURCE;
				MTL_FAST_MATH = YES;
				ONLY_ACTIVE_ARCH = YES;
				SDKROOT = iphoneos;
				SWIFT_ACTIVE_COMPILATION_CONDITIONS = "DEBUG $(inherited)";
				SWIFT_OPTIMIZATION_LEVEL = "-Onone";
			};
			name = Debug;
		};
		384499A72BFF430B00561C4D /* Release */ = {
			isa = XCBuildConfiguration;
			buildSettings = {
				ALWAYS_SEARCH_USER_PATHS = NO;
				ASSETCATALOG_COMPILER_GENERATE_SWIFT_ASSET_SYMBOL_EXTENSIONS = YES;
				CLANG_ANALYZER_NONNULL = YES;
				CLANG_ANALYZER_NUMBER_OBJECT_CONVERSION = YES_AGGRESSIVE;
				CLANG_CXX_LANGUAGE_STANDARD = "gnu++20";
				CLANG_ENABLE_MODULES = YES;
				CLANG_ENABLE_OBJC_ARC = YES;
				CLANG_ENABLE_OBJC_WEAK = YES;
				CLANG_WARN_BLOCK_CAPTURE_AUTORELEASING = YES;
				CLANG_WARN_BOOL_CONVERSION = YES;
				CLANG_WARN_COMMA = YES;
				CLANG_WARN_CONSTANT_CONVERSION = YES;
				CLANG_WARN_DEPRECATED_OBJC_IMPLEMENTATIONS = YES;
				CLANG_WARN_DIRECT_OBJC_ISA_USAGE = YES_ERROR;
				CLANG_WARN_DOCUMENTATION_COMMENTS = YES;
				CLANG_WARN_EMPTY_BODY = YES;
				CLANG_WARN_ENUM_CONVERSION = YES;
				CLANG_WARN_INFINITE_RECURSION = YES;
				CLANG_WARN_INT_CONVERSION = YES;
				CLANG_WARN_NON_LITERAL_NULL_CONVERSION = YES;
				CLANG_WARN_OBJC_IMPLICIT_RETAIN_SELF = YES;
				CLANG_WARN_OBJC_LITERAL_CONVERSION = YES;
				CLANG_WARN_OBJC_ROOT_CLASS = YES_ERROR;
				CLANG_WARN_QUOTED_INCLUDE_IN_FRAMEWORK_HEADER = YES;
				CLANG_WARN_RANGE_LOOP_ANALYSIS = YES;
				CLANG_WARN_STRICT_PROTOTYPES = YES;
				CLANG_WARN_SUSPICIOUS_MOVE = YES;
				CLANG_WARN_UNGUARDED_AVAILABILITY = YES_AGGRESSIVE;
				CLANG_WARN_UNREACHABLE_CODE = YES;
				CLANG_WARN__DUPLICATE_METHOD_MATCH = YES;
				COPY_PHASE_STRIP = NO;
				DEBUG_INFORMATION_FORMAT = "dwarf-with-dsym";
				ENABLE_NS_ASSERTIONS = NO;
				ENABLE_STRICT_OBJC_MSGSEND = YES;
				ENABLE_USER_SCRIPT_SANDBOXING = YES;
				GCC_C_LANGUAGE_STANDARD = gnu17;
				GCC_NO_COMMON_BLOCKS = YES;
				GCC_WARN_64_TO_32_BIT_CONVERSION = YES;
				GCC_WARN_ABOUT_RETURN_TYPE = YES_ERROR;
				GCC_WARN_UNDECLARED_SELECTOR = YES;
				GCC_WARN_UNINITIALIZED_AUTOS = YES_AGGRESSIVE;
				GCC_WARN_UNUSED_FUNCTION = YES;
				GCC_WARN_UNUSED_VARIABLE = YES;
				IPHONEOS_DEPLOYMENT_TARGET = 17.4;
				LOCALIZATION_PREFERS_STRING_CATALOGS = YES;
				MTL_ENABLE_DEBUG_INFO = NO;
				MTL_FAST_MATH = YES;
				SDKROOT = iphoneos;
				SWIFT_COMPILATION_MODE = wholemodule;
				VALIDATE_PRODUCT = YES;
			};
			name = Release;
		};
		384499A92BFF430B00561C4D /* Debug */ = {
			isa = XCBuildConfiguration;
			buildSettings = {
				ASSETCATALOG_COMPILER_APPICON_NAME = AppIcon;
				ASSETCATALOG_COMPILER_GLOBAL_ACCENT_COLOR_NAME = AccentColor;
				CODE_SIGN_STYLE = Automatic;
				CURRENT_PROJECT_VERSION = 1;
				GENERATE_INFOPLIST_FILE = YES;
				INFOPLIST_FILE = Notes/Info.plist;
				INFOPLIST_KEY_UIApplicationSupportsIndirectInputEvents = YES;
				INFOPLIST_KEY_UILaunchStoryboardName = LaunchScreen;
				INFOPLIST_KEY_UIMainStoryboardFile = Main;
				INFOPLIST_KEY_UISupportedInterfaceOrientations_iPad = "UIInterfaceOrientationPortrait UIInterfaceOrientationPortraitUpsideDown UIInterfaceOrientationLandscapeLeft UIInterfaceOrientationLandscapeRight";
				INFOPLIST_KEY_UISupportedInterfaceOrientations_iPhone = "UIInterfaceOrientationPortrait UIInterfaceOrientationLandscapeLeft UIInterfaceOrientationLandscapeRight";
				LD_RUNPATH_SEARCH_PATHS = (
					"$(inherited)",
					"@executable_path/Frameworks",
				);
				MARKETING_VERSION = 1.0;
				PRODUCT_BUNDLE_IDENTIFIER = com.sahil.Notes;
				PRODUCT_NAME = "$(TARGET_NAME)";
				SWIFT_EMIT_LOC_STRINGS = YES;
				SWIFT_VERSION = 5.0;
				TARGETED_DEVICE_FAMILY = "1,2";
			};
			name = Debug;
		};
		384499AA2BFF430B00561C4D /* Release */ = {
			isa = XCBuildConfiguration;
			buildSettings = {
				ASSETCATALOG_COMPILER_APPICON_NAME = AppIcon;
				ASSETCATALOG_COMPILER_GLOBAL_ACCENT_COLOR_NAME = AccentColor;
				CODE_SIGN_STYLE = Automatic;
				CURRENT_PROJECT_VERSION = 1;
				GENERATE_INFOPLIST_FILE = YES;
				INFOPLIST_FILE = Notes/Info.plist;
				INFOPLIST_KEY_UIApplicationSupportsIndirectInputEvents = YES;
				INFOPLIST_KEY_UILaunchStoryboardName = LaunchScreen;
				INFOPLIST_KEY_UIMainStoryboardFile = Main;
				INFOPLIST_KEY_UISupportedInterfaceOrientations_iPad = "UIInterfaceOrientationPortrait UIInterfaceOrientationPortraitUpsideDown UIInterfaceOrientationLandscapeLeft UIInterfaceOrientationLandscapeRight";
				INFOPLIST_KEY_UISupportedInterfaceOrientations_iPhone = "UIInterfaceOrientationPortrait UIInterfaceOrientationLandscapeLeft UIInterfaceOrientationLandscapeRight";
				LD_RUNPATH_SEARCH_PATHS = (
					"$(inherited)",
					"@executable_path/Frameworks",
				);
				MARKETING_VERSION = 1.0;
				PRODUCT_BUNDLE_IDENTIFIER = com.sahil.Notes;
				PRODUCT_NAME = "$(TARGET_NAME)";
				SWIFT_EMIT_LOC_STRINGS = YES;
				SWIFT_VERSION = 5.0;
				TARGETED_DEVICE_FAMILY = "1,2";
			};
			name = Release;
		};
		384499AC2BFF430B00561C4D /* Debug */ = {
			isa = XCBuildConfiguration;
			buildSettings = {
				ALWAYS_EMBED_SWIFT_STANDARD_LIBRARIES = YES;
				BUNDLE_LOADER = "$(TEST_HOST)";
				CODE_SIGN_STYLE = Automatic;
				CURRENT_PROJECT_VERSION = 1;
				GENERATE_INFOPLIST_FILE = YES;
				IPHONEOS_DEPLOYMENT_TARGET = 17.4;
				MARKETING_VERSION = 1.0;
				PRODUCT_BUNDLE_IDENTIFIER = com.sahil.NotesTests;
				PRODUCT_NAME = "$(TARGET_NAME)";
				SWIFT_EMIT_LOC_STRINGS = NO;
				SWIFT_VERSION = 5.0;
				TARGETED_DEVICE_FAMILY = "1,2";
				TEST_HOST = "$(BUILT_PRODUCTS_DIR)/Notes.app/$(BUNDLE_EXECUTABLE_FOLDER_PATH)/Notes";
			};
			name = Debug;
		};
		384499AD2BFF430B00561C4D /* Release */ = {
			isa = XCBuildConfiguration;
			buildSettings = {
				ALWAYS_EMBED_SWIFT_STANDARD_LIBRARIES = YES;
				BUNDLE_LOADER = "$(TEST_HOST)";
				CODE_SIGN_STYLE = Automatic;
				CURRENT_PROJECT_VERSION = 1;
				GENERATE_INFOPLIST_FILE = YES;
				IPHONEOS_DEPLOYMENT_TARGET = 17.4;
				MARKETING_VERSION = 1.0;
				PRODUCT_BUNDLE_IDENTIFIER = com.sahil.NotesTests;
				PRODUCT_NAME = "$(TARGET_NAME)";
				SWIFT_EMIT_LOC_STRINGS = NO;
				SWIFT_VERSION = 5.0;
				TARGETED_DEVICE_FAMILY = "1,2";
				TEST_HOST = "$(BUILT_PRODUCTS_DIR)/Notes.app/$(BUNDLE_EXECUTABLE_FOLDER_PATH)/Notes";
			};
			name = Release;
		};
		384499AF2BFF430B00561C4D /* Debug */ = {
			isa = XCBuildConfiguration;
			buildSettings = {
				ALWAYS_EMBED_SWIFT_STANDARD_LIBRARIES = YES;
				CODE_SIGN_STYLE = Automatic;
				CURRENT_PROJECT_VERSION = 1;
				GENERATE_INFOPLIST_FILE = YES;
				MARKETING_VERSION = 1.0;
				PRODUCT_BUNDLE_IDENTIFIER = com.sahil.NotesUITests;
				PRODUCT_NAME = "$(TARGET_NAME)";
				SWIFT_EMIT_LOC_STRINGS = NO;
				SWIFT_VERSION = 5.0;
				TARGETED_DEVICE_FAMILY = "1,2";
				TEST_TARGET_NAME = Notes;
			};
			name = Debug;
		};
		384499B02BFF430B00561C4D /* Release */ = {
			isa = XCBuildConfiguration;
			buildSettings = {
				ALWAYS_EMBED_SWIFT_STANDARD_LIBRARIES = YES;
				CODE_SIGN_STYLE = Automatic;
				CURRENT_PROJECT_VERSION = 1;
				GENERATE_INFOPLIST_FILE = YES;
				MARKETING_VERSION = 1.0;
				PRODUCT_BUNDLE_IDENTIFIER = com.sahil.NotesUITests;
				PRODUCT_NAME = "$(TARGET_NAME)";
				SWIFT_EMIT_LOC_STRINGS = NO;
				SWIFT_VERSION = 5.0;
				TARGETED_DEVICE_FAMILY = "1,2";
				TEST_TARGET_NAME = Notes;
			};
			name = Release;
		};
/* End XCBuildConfiguration section */

/* Begin XCConfigurationList section */
		384499792BFF430900561C4D /* Build configuration list for PBXProject "Notes" */ = {
			isa = XCConfigurationList;
			buildConfigurations = (
				384499A62BFF430B00561C4D /* Debug */,
				384499A72BFF430B00561C4D /* Release */,
			);
			defaultConfigurationIsVisible = 0;
			defaultConfigurationName = Release;
		};
		384499A82BFF430B00561C4D /* Build configuration list for PBXNativeTarget "Notes" */ = {
			isa = XCConfigurationList;
			buildConfigurations = (
				384499A92BFF430B00561C4D /* Debug */,
				384499AA2BFF430B00561C4D /* Release */,
			);
			defaultConfigurationIsVisible = 0;
			defaultConfigurationName = Release;
		};
		384499AB2BFF430B00561C4D /* Build configuration list for PBXNativeTarget "NotesTests" */ = {
			isa = XCConfigurationList;
			buildConfigurations = (
				384499AC2BFF430B00561C4D /* Debug */,
				384499AD2BFF430B00561C4D /* Release */,
			);
			defaultConfigurationIsVisible = 0;
			defaultConfigurationName = Release;
		};
		384499AE2BFF430B00561C4D /* Build configuration list for PBXNativeTarget "NotesUITests" */ = {
			isa = XCConfigurationList;
			buildConfigurations = (
				384499AF2BFF430B00561C4D /* Debug */,
				384499B02BFF430B00561C4D /* Release */,
			);
			defaultConfigurationIsVisible = 0;
			defaultConfigurationName = Release;
		};
/* End XCConfigurationList section */
	};
	rootObject = 384499762BFF430900561C4D /* Project object */;
}
